
Microsoft Visual Studio Solution File, Format Version 12.00
# Visual Studio Version 16
VisualStudioVersion = 16.0.29025.244
MinimumVisualStudioVersion = 10.0.40219.1
Project("{FAE04EC0-301F-11D3-BF4B-00C04F79EFBC}") = "1.MethodOverriding", "1.MethodOverriding\1.MethodOverriding.csproj", "{286246B6-BA15-439F-9161-6E166D2D98F6}"
EndProject
Global
	GlobalSection(SolutionConfigurationPlatforms) = preSolution
		Debug|Any CPU = Debug|Any CPU
		Release|Any CPU = Release|Any CPU
	EndGlobalSection
	GlobalSection(ProjectConfigurationPlatforms) = postSolution
		{286246B6-BA15-439F-9161-6E166D2D98F6}.Debug|Any CPU.ActiveCfg = Debug|Any CPU
		{286246B6-BA15-439F-9161-6E166D2D98F6}.Debug|Any CPU.Build.0 = Debug|Any CPU
		{286246B6-BA15-439F-9161-6E166D2D98F6}.Release|Any CPU.ActiveCfg = Release|Any CPU
		{286246B6-BA15-439F-9161-6E166D2D98F6}.Release|Any CPU.Build.0 = Release|Any CPU
	EndGlobalSection
	GlobalSection(SolutionProperties) = preSolution
		HideSolutionNode = FALSE
	EndGlobalSection
	GlobalSection(ExtensibilityGlobals) = postSolution
		SolutionGuid = {E4943945-E572-4D91-8283-D3AB7E5A538F}
	EndGlobalSection
EndGlobal
